<?xml version="1.0" encoding="utf-8"?>
<Project ToolsVersion="4.0" xmlns="http://schemas.microsoft.com/developer/msbuild/2003">
  <ItemGroup>
    <Filter Include="Source Files">
      <UniqueIdentifier>{4FC737F1-C7A5-4376-A066-2A32D752A2FF}</UniqueIdentifier>
      <Extensions>cpp;c;cc;cxx;def;odl;idl;hpj;bat;asm;asmx</Extensions>
    </Filter>
    <Filter Include="Header Files">
      <UniqueIdentifier>{93995380-89BD-4b04-88EB-625FBE52EBFB}</UniqueIdentifier>
      <Extensions>h;hh;hpp;hxx;hm;inl;inc;ipp;xsd</Extensions>
    </Filter>
    <Filter Include="Resource Files">
      <UniqueIdentifier>{67DA6AB6-F800-4c08-8B7A-83BB121AAD01}</UniqueIdentifier>
      <Extensions>rc;ico;cur;bmp;dlg;rc2;rct;bin;rgs;gif;jpg;jpeg;jpe;resx;tiff;tif;png;wav;mfcribbon-ms</Extensions>
    </Filter>
  </ItemGroup>
  <ItemGroup>
    <ClInclude Include="framework.h">
      <Filter>Header Files</Filter>
    </ClInclude>
    <ClInclude Include="targetver.h">
      <Filter>Header Files</Filter>
    </ClInclude>
    <ClInclude Include="Resource.h">
      <Filter>Header Files</Filter>
    </ClInclude>
    <ClInclude Include="RealBilliards.h">
      <Filter>Header Files</Filter>
    </ClInclude>
    <ClInclude Include="d2d1Helper.h">
      <Filter>Header Files</Filter>
    </ClInclude>
    <ClInclude Include="d2d1.h">
      <Filter>Header Files</Filter>
    </ClInclude>
    <ClInclude Include="Game.h">
      <Filter>Header Files</Filter>
    </ClInclude>
    <ClInclude Include="Table.h">
      <Filter>Header Files</Filter>
    </ClInclude>
    <ClInclude Include="Player.h">
      <Filter>Header Files</Filter>
    </ClInclude>
    <ClInclude Include="Ball.h">
      <Filter>Header Files</Filter>
    </ClInclude>
    <ClInclude Include="GameItem.h">
      <Filter>Header Files</Filter>
    </ClInclude>
    <ClInclude Include="BottomWallCollision.h">
      <Filter>Header Files</Filter>
    </ClInclude>
    <ClInclude Include="Collision.h">
      <Filter>Header Files</Filter>
    </ClInclude>
    <ClInclude Include="LeftWallCollision.h">
      <Filter>Header Files</Filter>
    </ClInclude>
    <ClInclude Include="RightWallCollision.h">
      <Filter>Header Files</Filter>
    </ClInclude>
    <ClInclude Include="TopWallCollision.h">
      <Filter>Header Files</Filter>
    </ClInclude>
    <ClInclude Include="WallCollision.h">
      <Filter>Header Files</Filter>
    </ClInclude>
    <ClInclude Include="BallCollision.h">
      <Filter>Header Files</Filter>
    </ClInclude>
    <ClInclude Include="Cue.h">
      <Filter>Header Files</Filter>
    </ClInclude>
    <ClInclude Include="ShotAssistant.h">
      <Filter>Header Files</Filter>
    </ClInclude>
    <ClInclude Include="PowerBar.h">
      <Filter>Header Files</Filter>
    </ClInclude>
    <ClInclude Include="BurstSign.h">
      <Filter>Header Files</Filter>
    </ClInclude>
    <ClInclude Include="Scoreboard.h">
      <Filter>Header Files</Filter>
    </ClInclude>
  </ItemGroup>
  <ItemGroup>
    <ClCompile Include="RealBilliards.cpp">
      <Filter>Source Files</Filter>
    </ClCompile>
    <ClCompile Include="Game.cpp">
      <Filter>Source Files</Filter>
    </ClCompile>
    <ClCompile Include="Table.cpp">
      <Filter>Source Files</Filter>
    </ClCompile>
    <ClCompile Include="Player.cpp">
      <Filter>Source Files</Filter>
    </ClCompile>
    <ClCompile Include="Ball.cpp">
      <Filter>Source Files</Filter>
    </ClCompile>
    <ClCompile Include="GameItem.cpp">
      <Filter>Source Files</Filter>
    </ClCompile>
    <ClCompile Include="Collision.cpp">
      <Filter>Source Files</Filter>
    </ClCompile>
    <ClCompile Include="BottomWallCollision.cpp">
      <Filter>Source Files</Filter>
    </ClCompile>
    <ClCompile Include="LeftWallCollision.cpp">
      <Filter>Source Files</Filter>
    </ClCompile>
    <ClCompile Include="RightWallCollision.cpp">
      <Filter>Source Files</Filter>
    </ClCompile>
    <ClCompile Include="TopWallCollision.cpp">
      <Filter>Source Files</Filter>
    </ClCompile>
    <ClCompile Include="WallCollision.cpp">
      <Filter>Source Files</Filter>
    </ClCompile>
    <ClCompile Include="BallCollision.cpp">
      <Filter>Source Files</Filter>
    </ClCompile>
    <ClCompile Include="Cue.cpp">
      <Filter>Source Files</Filter>
    </ClCompile>
    <ClCompile Include="ShotAssistant.cpp">
      <Filter>Source Files</Filter>
    </ClCompile>
    <ClCompile Include="PowerBar.cpp">
      <Filter>Source Files</Filter>
    </ClCompile>
    <ClCompile Include="BurstSign.cpp">
      <Filter>Source Files</Filter>
    </ClCompile>
    <ClCompile Include="Scoreboard.cpp">
      <Filter>Source Files</Filter>
    </ClCompile>
  </ItemGroup>
  <ItemGroup>
    <ResourceCompile Include="RealBilliards.rc">
      <Filter>Resource Files</Filter>
    </ResourceCompile>
  </ItemGroup>
  <ItemGroup>
    <Image Include="small.ico">
      <Filter>Resource Files</Filter>
    </Image>
    <Image Include="RealBilliards.ico">
      <Filter>Resource Files</Filter>
    </Image>
  </ItemGroup>
</Project>